# THIS IS AN AUTOGENERATED FILE. DO NOT EDIT THIS FILE DIRECTLY.
# yarn lockfile v1


react-ga@^2.5.7:
  version "2.5.7"
  resolved "https://registry.yarnpkg.com/react-ga/-/react-ga-2.5.7.tgz#1c80a289004bf84f84c26d46f3a6a6513081bf2e"
  integrity sha512-UmATFaZpEQDO96KFjB5FRLcT6hFcwaxOmAJZnjrSiFN/msTqylq9G+z5Z8TYzN/dbamDTiWf92m6MnXXJkAivQ==
